
Microsoft Visual Studio Solution File, Format Version 12.00
# Visual Studio Version 17
VisualStudioVersion = 17.10.34928.147
MinimumVisualStudioVersion = 10.0.40219.1
Project("{9A19103F-16F7-4668-BE54-9A1E7A4F7556}") = "App", "App.csproj", "{10BAFB81-A9DA-4508-863F-FF6E20F641E0}"
EndProject
Project("{9A19103F-16F7-4668-BE54-9A1E7A4F7556}") = "AppContracts", "..\AppContracts\AppContracts.csproj", "{22658FF1-EE97-40DF-8819-C7B9D47401B0}"
EndProject
Project("{FAE04EC0-301F-11D3-BF4B-00C04F79EFBC}") = "InfrastructeProvider", "..\InfrastructeProvider\InfrastructeProvider.csproj", "{B4ACC166-A604-4D53-867D-5B1243BD3A3E}"
EndProject
Global
	GlobalSection(SolutionConfigurationPlatforms) = preSolution
		Debug|Any CPU = Debug|Any CPU
		Release|Any CPU = Release|Any CPU
	EndGlobalSection
	GlobalSection(ProjectConfigurationPlatforms) = postSolution
		{10BAFB81-A9DA-4508-863F-FF6E20F641E0}.Debug|Any CPU.ActiveCfg = Debug|Any CPU
		{10BAFB81-A9DA-4508-863F-FF6E20F641E0}.Debug|Any CPU.Build.0 = Debug|Any CPU
		{10BAFB81-A9DA-4508-863F-FF6E20F641E0}.Release|Any CPU.ActiveCfg = Release|Any CPU
		{10BAFB81-A9DA-4508-863F-FF6E20F641E0}.Release|Any CPU.Build.0 = Release|Any CPU
		{22658FF1-EE97-40DF-8819-C7B9D47401B0}.Debug|Any CPU.ActiveCfg = Debug|Any CPU
		{22658FF1-EE97-40DF-8819-C7B9D47401B0}.Debug|Any CPU.Build.0 = Debug|Any CPU
		{22658FF1-EE97-40DF-8819-C7B9D47401B0}.Release|Any CPU.ActiveCfg = Release|Any CPU
		{22658FF1-EE97-40DF-8819-C7B9D47401B0}.Release|Any CPU.Build.0 = Release|Any CPU
		{B4ACC166-A604-4D53-867D-5B1243BD3A3E}.Debug|Any CPU.ActiveCfg = Debug|Any CPU
		{B4ACC166-A604-4D53-867D-5B1243BD3A3E}.Debug|Any CPU.Build.0 = Debug|Any CPU
		{B4ACC166-A604-4D53-867D-5B1243BD3A3E}.Release|Any CPU.ActiveCfg = Release|Any CPU
		{B4ACC166-A604-4D53-867D-5B1243BD3A3E}.Release|Any CPU.Build.0 = Release|Any CPU
	EndGlobalSection
	GlobalSection(SolutionProperties) = preSolution
		HideSolutionNode = FALSE
	EndGlobalSection
	GlobalSection(ExtensibilityGlobals) = postSolution
		SolutionGuid = {A874192C-B28A-42E3-BEA5-1A0C4D5D91C7}
	EndGlobalSection
EndGlobal
